
Microsoft Visual Studio Solution File, Format Version 12.00
# Visual Studio Version 16
VisualStudioVersion = 16.0.30503.244
MinimumVisualStudioVersion = 10.0.40219.1
Project("{FAE04EC0-301F-11D3-BF4B-00C04F79EFBC}") = "TugasQuizPanda", "TugasQuizPanda\TugasQuizPanda.csproj", "{6EBF3D51-AF7D-496D-B86C-CED4AED3F827}"
EndProject
Global
	GlobalSection(SolutionConfigurationPlatforms) = preSolution
		Debug|Any CPU = Debug|Any CPU
		Release|Any CPU = Release|Any CPU
	EndGlobalSection
	GlobalSection(ProjectConfigurationPlatforms) = postSolution
		{6EBF3D51-AF7D-496D-B86C-CED4AED3F827}.Debug|Any CPU.ActiveCfg = Debug|Any CPU
		{6EBF3D51-AF7D-496D-B86C-CED4AED3F827}.Debug|Any CPU.Build.0 = Debug|Any CPU
		{6EBF3D51-AF7D-496D-B86C-CED4AED3F827}.Release|Any CPU.ActiveCfg = Release|Any CPU
		{6EBF3D51-AF7D-496D-B86C-CED4AED3F827}.Release|Any CPU.Build.0 = Release|Any CPU
	EndGlobalSection
	GlobalSection(SolutionProperties) = preSolution
		HideSolutionNode = FALSE
	EndGlobalSection
	GlobalSection(ExtensibilityGlobals) = postSolution
		SolutionGuid = {B4345089-1822-4C43-9958-81E1A9F97B60}
	EndGlobalSection
EndGlobal
